
Microsoft Visual Studio Solution File, Format Version 12.00
Project("{FAE04EC0-301F-11D3-BF4B-00C04F79EFBC}") = "AdventOfCode", "AdventOfCode.csproj", "{F09AB14D-9734-4E09-8A94-6845E116200C}"
EndProject
Global
	GlobalSection(SolutionConfigurationPlatforms) = preSolution
		Debug|Any CPU = Debug|Any CPU
		Release|Any CPU = Release|Any CPU
	EndGlobalSection
	GlobalSection(ProjectConfigurationPlatforms) = postSolution
		{F09AB14D-9734-4E09-8A94-6845E116200C}.Debug|Any CPU.ActiveCfg = Debug|Any CPU
		{F09AB14D-9734-4E09-8A94-6845E116200C}.Debug|Any CPU.Build.0 = Debug|Any CPU
		{F09AB14D-9734-4E09-8A94-6845E116200C}.Release|Any CPU.ActiveCfg = Release|Any CPU
		{F09AB14D-9734-4E09-8A94-6845E116200C}.Release|Any CPU.Build.0 = Release|Any CPU
	EndGlobalSection
EndGlobal
